
Microsoft Visual Studio Solution File, Format Version 12.00
# Visual Studio 2013
VisualStudioVersion = 12.0.31101.0
MinimumVisualStudioVersion = 10.0.40219.1
Project("{8BC9CEB8-8B4A-11D0-8D11-00A0C91BC942}") = "libopenvx", "Lib\libopenvx.vcxproj", "{CE9D3A27-AB67-4258-9C53-54C3C3C5C533}"
EndProject
Project("{8BC9CEB8-8B4A-11D0-8D11-00A0C91BC942}") = "demo", "Demo\demo.vcxproj", "{B7044010-94CD-4C6E-94D3-1B0597CFDE46}"
	ProjectSection(ProjectDependencies) = postProject
		{CE9D3A27-AB67-4258-9C53-54C3C3C5C533} = {CE9D3A27-AB67-4258-9C53-54C3C3C5C533}
	EndProjectSection
EndProject
Global
	GlobalSection(SolutionConfigurationPlatforms) = preSolution
		Debug|Win32 = Debug|Win32
		Release|Win32 = Release|Win32
	EndGlobalSection
	GlobalSection(ProjectConfigurationPlatforms) = postSolution
		{CE9D3A27-AB67-4258-9C53-54C3C3C5C533}.Debug|Win32.ActiveCfg = Debug|Win32
		{CE9D3A27-AB67-4258-9C53-54C3C3C5C533}.Debug|Win32.Build.0 = Debug|Win32
		{CE9D3A27-AB67-4258-9C53-54C3C3C5C533}.Release|Win32.ActiveCfg = Release|Win32
		{CE9D3A27-AB67-4258-9C53-54C3C3C5C533}.Release|Win32.Build.0 = Release|Win32
		{B7044010-94CD-4C6E-94D3-1B0597CFDE46}.Debug|Win32.ActiveCfg = Debug|Win32
		{B7044010-94CD-4C6E-94D3-1B0597CFDE46}.Debug|Win32.Build.0 = Debug|Win32
		{B7044010-94CD-4C6E-94D3-1B0597CFDE46}.Release|Win32.ActiveCfg = Release|Win32
		{B7044010-94CD-4C6E-94D3-1B0597CFDE46}.Release|Win32.Build.0 = Release|Win32
	EndGlobalSection
	GlobalSection(SolutionProperties) = preSolution
		HideSolutionNode = FALSE
	EndGlobalSection
EndGlobal
